// !$*UTF8*$!
{
	archiveVersion = 1;
	classes = {
	};
	objectVersion = 46;
	objects = {

/* Begin PBXBuildFile section */
		100B407A1DC4E0CE00525A52 /* CoinFlipVC.swift in Sources */ = {isa = PBXBuildFile; fileRef = 100B40791DC4E0CE00525A52 /* CoinFlipVC.swift */; };
		1011E7841DC0E57800AB50FB /* Die.swift in Sources */ = {isa = PBXBuildFile; fileRef = 1011E7831DC0E57800AB50FB /* Die.swift */; };
		1011E7861DC0EBDC00AB50FB /* Coin.swift in Sources */ = {isa = PBXBuildFile; fileRef = 1011E7851DC0EBDC00AB50FB /* Coin.swift */; };
		104A7E791DC6454B00F97772 /* CoinFlipDelegate.swift in Sources */ = {isa = PBXBuildFile; fileRef = 104A7E781DC6454B00F97772 /* CoinFlipDelegate.swift */; };
		10ABE7B21DCD2A53009BA511 /* SCCGame.swift in Sources */ = {isa = PBXBuildFile; fileRef = 10ABE7B11DCD2A53009BA511 /* SCCGame.swift */; };
		10E9FA851DC24329001583B7 /* utils.swift in Sources */ = {isa = PBXBuildFile; fileRef = 10E9FA841DC24329001583B7 /* utils.swift */; };
		10F20C7F1DBFF13400E05345 /* Assets.xcassets in Resources */ = {isa = PBXBuildFile; fileRef = 10F20C7E1DBFF13400E05345 /* Assets.xcassets */; };
		10F20C861DBFF13400E05345 /* MessagesExtension.appex in Embed App Extensions */ = {isa = PBXBuildFile; fileRef = 10F20C851DBFF13400E05345 /* MessagesExtension.appex */; settings = {ATTRIBUTES = (RemoveHeadersOnCopy, ); }; };
		10F20C8B1DBFF13400E05345 /* Messages.framework in Frameworks */ = {isa = PBXBuildFile; fileRef = 10F20C8A1DBFF13400E05345 /* Messages.framework */; };
		10F20C8E1DBFF13400E05345 /* MessagesViewController.swift in Sources */ = {isa = PBXBuildFile; fileRef = 10F20C8D1DBFF13400E05345 /* MessagesViewController.swift */; };
		10F20C911DBFF13400E05345 /* MainInterface.storyboard in Resources */ = {isa = PBXBuildFile; fileRef = 10F20C8F1DBFF13400E05345 /* MainInterface.storyboard */; };
		10F20C931DBFF13400E05345 /* Assets.xcassets in Resources */ = {isa = PBXBuildFile; fileRef = 10F20C921DBFF13400E05345 /* Assets.xcassets */; };
		10F20C9F1DBFF2C000E05345 /* CompactVC.swift in Sources */ = {isa = PBXBuildFile; fileRef = 10F20C9E1DBFF2C000E05345 /* CompactVC.swift */; };
		10F20CA11DBFF2DA00E05345 /* ExpandedVC.swift in Sources */ = {isa = PBXBuildFile; fileRef = 10F20CA01DBFF2DA00E05345 /* ExpandedVC.swift */; };
		10FD8FC91DC12C01007EFE0C /* paper.png in Resources */ = {isa = PBXBuildFile; fileRef = 10FD8FC61DC12C01007EFE0C /* paper.png */; };
		10FD8FCA1DC12C01007EFE0C /* rock.png in Resources */ = {isa = PBXBuildFile; fileRef = 10FD8FC71DC12C01007EFE0C /* rock.png */; };
		10FD8FCB1DC12C01007EFE0C /* scissors.png in Resources */ = {isa = PBXBuildFile; fileRef = 10FD8FC81DC12C01007EFE0C /* scissors.png */; };
		10FD8FCE1DC12CA5007EFE0C /* coin.png in Resources */ = {isa = PBXBuildFile; fileRef = 10FD8FCC1DC12CA5007EFE0C /* coin.png */; };
		10FD8FCF1DC12CA5007EFE0C /* dice.png in Resources */ = {isa = PBXBuildFile; fileRef = 10FD8FCD1DC12CA5007EFE0C /* dice.png */; };
		10FD8FD41DC12FC3007EFE0C /* heads.png in Resources */ = {isa = PBXBuildFile; fileRef = 10FD8FD21DC12FC3007EFE0C /* heads.png */; };
		10FD8FD51DC12FC3007EFE0C /* tails.png in Resources */ = {isa = PBXBuildFile; fileRef = 10FD8FD31DC12FC3007EFE0C /* tails.png */; };
/* End PBXBuildFile section */

/* Begin PBXContainerItemProxy section */
		10F20C871DBFF13400E05345 /* PBXContainerItemProxy */ = {
			isa = PBXContainerItemProxy;
			containerPortal = 10F20C751DBFF13300E05345 /* Project object */;
			proxyType = 1;
			remoteGlobalIDString = 10F20C841DBFF13400E05345;
			remoteInfo = MessagesExtension;
		};
/* End PBXContainerItemProxy section */

/* Begin PBXCopyFilesBuildPhase section */
		10F20C9A1DBFF13400E05345 /* Embed App Extensions */ = {
			isa = PBXCopyFilesBuildPhase;
			buildActionMask = 2147483647;
			dstPath = "";
			dstSubfolderSpec = 13;
			files = (
				10F20C861DBFF13400E05345 /* MessagesExtension.appex in Embed App Extensions */,
			);
			name = "Embed App Extensions";
			runOnlyForDeploymentPostprocessing = 0;
		};
/* End PBXCopyFilesBuildPhase section */

/* Begin PBXFileReference section */
		100B40791DC4E0CE00525A52 /* CoinFlipVC.swift */ = {isa = PBXFileReference; fileEncoding = 4; lastKnownFileType = sourcecode.swift; path = CoinFlipVC.swift; sourceTree = "<group>"; };
		1011E7831DC0E57800AB50FB /* Die.swift */ = {isa = PBXFileReference; fileEncoding = 4; lastKnownFileType = sourcecode.swift; path = Die.swift; sourceTree = "<group>"; };
		1011E7851DC0EBDC00AB50FB /* Coin.swift */ = {isa = PBXFileReference; fileEncoding = 4; lastKnownFileType = sourcecode.swift; path = Coin.swift; sourceTree = "<group>"; };
		104A7E781DC6454B00F97772 /* CoinFlipDelegate.swift */ = {isa = PBXFileReference; fileEncoding = 4; lastKnownFileType = sourcecode.swift; path = CoinFlipDelegate.swift; sourceTree = "<group>"; };
		10ABE7B11DCD2A53009BA511 /* SCCGame.swift */ = {isa = PBXFileReference; fileEncoding = 4; lastKnownFileType = sourcecode.swift; path = SCCGame.swift; sourceTree = "<group>"; };
		10E9FA841DC24329001583B7 /* utils.swift */ = {isa = PBXFileReference; fileEncoding = 4; lastKnownFileType = sourcecode.swift; path = utils.swift; sourceTree = "<group>"; };
		10F20C7B1DBFF13400E05345 /* MatchUp.app */ = {isa = PBXFileReference; explicitFileType = wrapper.application; includeInIndex = 0; path = MatchUp.app; sourceTree = BUILT_PRODUCTS_DIR; };
		10F20C7E1DBFF13400E05345 /* Assets.xcassets */ = {isa = PBXFileReference; lastKnownFileType = folder.assetcatalog; path = Assets.xcassets; sourceTree = "<group>"; };
		10F20C801DBFF13400E05345 /* Info.plist */ = {isa = PBXFileReference; lastKnownFileType = text.plist.xml; path = Info.plist; sourceTree = "<group>"; };
		10F20C851DBFF13400E05345 /* MessagesExtension.appex */ = {isa = PBXFileReference; explicitFileType = "wrapper.app-extension"; includeInIndex = 0; path = MessagesExtension.appex; sourceTree = BUILT_PRODUCTS_DIR; };
		10F20C8A1DBFF13400E05345 /* Messages.framework */ = {isa = PBXFileReference; lastKnownFileType = wrapper.framework; name = Messages.framework; path = System/Library/Frameworks/Messages.framework; sourceTree = SDKROOT; };
		10F20C8D1DBFF13400E05345 /* MessagesViewController.swift */ = {isa = PBXFileReference; lastKnownFileType = sourcecode.swift; path = MessagesViewController.swift; sourceTree = "<group>"; };
		10F20C901DBFF13400E05345 /* Base */ = {isa = PBXFileReference; lastKnownFileType = file.storyboard; name = Base; path = Base.lproj/MainInterface.storyboard; sourceTree = "<group>"; };
		10F20C921DBFF13400E05345 /* Assets.xcassets */ = {isa = PBXFileReference; lastKnownFileType = folder.assetcatalog; path = Assets.xcassets; sourceTree = "<group>"; };
		10F20C941DBFF13400E05345 /* Info.plist */ = {isa = PBXFileReference; lastKnownFileType = text.plist.xml; path = Info.plist; sourceTree = "<group>"; };
		10F20C9E1DBFF2C000E05345 /* CompactVC.swift */ = {isa = PBXFileReference; fileEncoding = 4; lastKnownFileType = sourcecode.swift; path = CompactVC.swift; sourceTree = "<group>"; };
		10F20CA01DBFF2DA00E05345 /* ExpandedVC.swift */ = {isa = PBXFileReference; fileEncoding = 4; lastKnownFileType = sourcecode.swift; path = ExpandedVC.swift; sourceTree = "<group>"; };
		10FD8FC61DC12C01007EFE0C /* paper.png */ = {isa = PBXFileReference; lastKnownFileType = image.png; path = paper.png; sourceTree = "<group>"; };
		10FD8FC71DC12C01007EFE0C /* rock.png */ = {isa = PBXFileReference; lastKnownFileType = image.png; path = rock.png; sourceTree = "<group>"; };
		10FD8FC81DC12C01007EFE0C /* scissors.png */ = {isa = PBXFileReference; lastKnownFileType = image.png; path = scissors.png; sourceTree = "<group>"; };
		10FD8FCC1DC12CA5007EFE0C /* coin.png */ = {isa = PBXFileReference; lastKnownFileType = image.png; path = coin.png; sourceTree = "<group>"; };
		10FD8FCD1DC12CA5007EFE0C /* dice.png */ = {isa = PBXFileReference; lastKnownFileType = image.png; path = dice.png; sourceTree = "<group>"; };
		10FD8FD21DC12FC3007EFE0C /* heads.png */ = {isa = PBXFileReference; lastKnownFileType = image.png; path = heads.png; sourceTree = "<group>"; };
		10FD8FD31DC12FC3007EFE0C /* tails.png */ = {isa = PBXFileReference; lastKnownFileType = image.png; path = tails.png; sourceTree = "<group>"; };
/* End PBXFileReference section */

/* Begin PBXFrameworksBuildPhase section */
		10F20C821DBFF13400E05345 /* Frameworks */ = {
			isa = PBXFrameworksBuildPhase;
			buildActionMask = 2147483647;
			files = (
				10F20C8B1DBFF13400E05345 /* Messages.framework in Frameworks */,
			);
			runOnlyForDeploymentPostprocessing = 0;
		};
/* End PBXFrameworksBuildPhase section */

/* Begin PBXGroup section */
		1011E7801DC0E54E00AB50FB /* Controller */ = {
			isa = PBXGroup;
			children = (
				10F20C8D1DBFF13400E05345 /* MessagesViewController.swift */,
				10F20C9E1DBFF2C000E05345 /* CompactVC.swift */,
				10F20CA01DBFF2DA00E05345 /* ExpandedVC.swift */,
				100B40791DC4E0CE00525A52 /* CoinFlipVC.swift */,
			);
			name = Controller;
			sourceTree = "<group>";
		};
		1011E7811DC0E55D00AB50FB /* View */ = {
			isa = PBXGroup;
			children = (
			);
			name = View;
			sourceTree = "<group>";
		};
		1011E7821DC0E56100AB50FB /* Model */ = {
			isa = PBXGroup;
			children = (
				1011E7831DC0E57800AB50FB /* Die.swift */,
				1011E7851DC0EBDC00AB50FB /* Coin.swift */,
				10ABE7B11DCD2A53009BA511 /* SCCGame.swift */,
			);
			name = Model;
			sourceTree = "<group>";
		};
		10E9FA831DC242F9001583B7 /* Utils */ = {
			isa = PBXGroup;
			children = (
				10E9FA841DC24329001583B7 /* utils.swift */,
				104A7E781DC6454B00F97772 /* CoinFlipDelegate.swift */,
			);
			name = Utils;
			sourceTree = "<group>";
		};
		10F20C741DBFF13300E05345 = {
			isa = PBXGroup;
			children = (
				10F20C7D1DBFF13400E05345 /* MatchUp */,
				10F20C8C1DBFF13400E05345 /* MessagesExtension */,
				10F20C891DBFF13400E05345 /* Frameworks */,
				10F20C7C1DBFF13400E05345 /* Products */,
			);
			sourceTree = "<group>";
		};
		10F20C7C1DBFF13400E05345 /* Products */ = {
			isa = PBXGroup;
			children = (
				10F20C7B1DBFF13400E05345 /* MatchUp.app */,
				10F20C851DBFF13400E05345 /* MessagesExtension.appex */,
			);
			name = Products;
			sourceTree = "<group>";
		};
		10F20C7D1DBFF13400E05345 /* MatchUp */ = {
			isa = PBXGroup;
			children = (
				10F20C7E1DBFF13400E05345 /* Assets.xcassets */,
				10F20C801DBFF13400E05345 /* Info.plist */,
			);
			path = MatchUp;
			sourceTree = "<group>";
		};
		10F20C891DBFF13400E05345 /* Frameworks */ = {
			isa = PBXGroup;
			children = (
				10F20C8A1DBFF13400E05345 /* Messages.framework */,
			);
			name = Frameworks;
			sourceTree = "<group>";
		};
		10F20C8C1DBFF13400E05345 /* MessagesExtension */ = {
			isa = PBXGroup;
			children = (
				10FD8FC61DC12C01007EFE0C /* paper.png */,
				10FD8FC71DC12C01007EFE0C /* rock.png */,
				10FD8FC81DC12C01007EFE0C /* scissors.png */,
				10FD8FCC1DC12CA5007EFE0C /* coin.png */,
				10FD8FCD1DC12CA5007EFE0C /* dice.png */,
				10FD8FD21DC12FC3007EFE0C /* heads.png */,
				10FD8FD31DC12FC3007EFE0C /* tails.png */,
				10E9FA831DC242F9001583B7 /* Utils */,
				1011E7821DC0E56100AB50FB /* Model */,
				1011E7811DC0E55D00AB50FB /* View */,
				1011E7801DC0E54E00AB50FB /* Controller */,
				10F20C8F1DBFF13400E05345 /* MainInterface.storyboard */,
				10F20C921DBFF13400E05345 /* Assets.xcassets */,
				10F20C941DBFF13400E05345 /* Info.plist */,
			);
			path = MessagesExtension;
			sourceTree = "<group>";
		};
/* End PBXGroup section */

/* Begin PBXNativeTarget section */
		10F20C7A1DBFF13300E05345 /* MatchUp */ = {
			isa = PBXNativeTarget;
			buildConfigurationList = 10F20C9B1DBFF13400E05345 /* Build configuration list for PBXNativeTarget "MatchUp" */;
			buildPhases = (
				10F20C791DBFF13300E05345 /* Resources */,
				10F20C9A1DBFF13400E05345 /* Embed App Extensions */,
			);
			buildRules = (
			);
			dependencies = (
				10F20C881DBFF13400E05345 /* PBXTargetDependency */,
			);
			name = MatchUp;
			productName = MatchUp;
			productReference = 10F20C7B1DBFF13400E05345 /* MatchUp.app */;
			productType = "com.apple.product-type.application.messages";
		};
		10F20C841DBFF13400E05345 /* MessagesExtension */ = {
			isa = PBXNativeTarget;
			buildConfigurationList = 10F20C971DBFF13400E05345 /* Build configuration list for PBXNativeTarget "MessagesExtension" */;
			buildPhases = (
				10F20C811DBFF13400E05345 /* Sources */,
				10F20C821DBFF13400E05345 /* Frameworks */,
				10F20C831DBFF13400E05345 /* Resources */,
			);
			buildRules = (
			);
			dependencies = (
			);
			name = MessagesExtension;
			productName = MessagesExtension;
			productReference = 10F20C851DBFF13400E05345 /* MessagesExtension.appex */;
			productType = "com.apple.product-type.app-extension.messages";
		};
/* End PBXNativeTarget section */

/* Begin PBXProject section */
		10F20C751DBFF13300E05345 /* Project object */ = {
			isa = PBXProject;
			attributes = {
				LastSwiftUpdateCheck = 0800;
				LastUpgradeCheck = 0800;
				ORGANIZATIONNAME = "Drew Lanning";
				TargetAttributes = {
					10F20C7A1DBFF13300E05345 = {
						CreatedOnToolsVersion = 8.0;
						DevelopmentTeam = TFEDY5M56J;
						ProvisioningStyle = Automatic;
					};
					10F20C841DBFF13400E05345 = {
						CreatedOnToolsVersion = 8.0;
						DevelopmentTeam = TFEDY5M56J;
						ProvisioningStyle = Automatic;
					};
				};
			};
			buildConfigurationList = 10F20C781DBFF13300E05345 /* Build configuration list for PBXProject "MatchUp" */;
			compatibilityVersion = "Xcode 3.2";
			developmentRegion = English;
			hasScannedForEncodings = 0;
			knownRegions = (
				en,
				Base,
			);
			mainGroup = 10F20C741DBFF13300E05345;
			productRefGroup = 10F20C7C1DBFF13400E05345 /* Products */;
			projectDirPath = "";
			projectRoot = "";
			targets = (
				10F20C7A1DBFF13300E05345 /* MatchUp */,
				10F20C841DBFF13400E05345 /* MessagesExtension */,
			);
		};
/* End PBXProject section */

/* Begin PBXResourcesBuildPhase section */
		10F20C791DBFF13300E05345 /* Resources */ = {
			isa = PBXResourcesBuildPhase;
			buildActionMask = 2147483647;
			files = (
				10F20C7F1DBFF13400E05345 /* Assets.xcassets in Resources */,
			);
			runOnlyForDeploymentPostprocessing = 0;
		};
		10F20C831DBFF13400E05345 /* Resources */ = {
			isa = PBXResourcesBuildPhase;
			buildActionMask = 2147483647;
			files = (
				10F20C931DBFF13400E05345 /* Assets.xcassets in Resources */,
				10F20C911DBFF13400E05345 /* MainInterface.storyboard in Resources */,
				10FD8FCF1DC12CA5007EFE0C /* dice.png in Resources */,
				10FD8FCE1DC12CA5007EFE0C /* coin.png in Resources */,
				10FD8FCA1DC12C01007EFE0C /* rock.png in Resources */,
				10FD8FCB1DC12C01007EFE0C /* scissors.png in Resources */,
				10FD8FD51DC12FC3007EFE0C /* tails.png in Resources */,
				10FD8FD41DC12FC3007EFE0C /* heads.png in Resources */,
				10FD8FC91DC12C01007EFE0C /* paper.png in Resources */,
			);
			runOnlyForDeploymentPostprocessing = 0;
		};
/* End PBXResourcesBuildPhase section */

/* Begin PBXSourcesBuildPhase section */
		10F20C811DBFF13400E05345 /* Sources */ = {
			isa = PBXSourcesBuildPhase;
			buildActionMask = 2147483647;
			files = (
				104A7E791DC6454B00F97772 /* CoinFlipDelegate.swift in Sources */,
				100B407A1DC4E0CE00525A52 /* CoinFlipVC.swift in Sources */,
				10ABE7B21DCD2A53009BA511 /* SCCGame.swift in Sources */,
				10F20C9F1DBFF2C000E05345 /* CompactVC.swift in Sources */,
				10E9FA851DC24329001583B7 /* utils.swift in Sources */,
				10F20C8E1DBFF13400E05345 /* MessagesViewController.swift in Sources */,
				1011E7841DC0E57800AB50FB /* Die.swift in Sources */,
				1011E7861DC0EBDC00AB50FB /* Coin.swift in Sources */,
				10F20CA11DBFF2DA00E05345 /* ExpandedVC.swift in Sources */,
			);
			runOnlyForDeploymentPostprocessing = 0;
		};
/* End PBXSourcesBuildPhase section */

/* Begin PBXTargetDependency section */
		10F20C881DBFF13400E05345 /* PBXTargetDependency */ = {
			isa = PBXTargetDependency;
			target = 10F20C841DBFF13400E05345 /* MessagesExtension */;
			targetProxy = 10F20C871DBFF13400E05345 /* PBXContainerItemProxy */;
		};
/* End PBXTargetDependency section */

/* Begin PBXVariantGroup section */
		10F20C8F1DBFF13400E05345 /* MainInterface.storyboard */ = {
			isa = PBXVariantGroup;
			children = (
				10F20C901DBFF13400E05345 /* Base */,
			);
			name = MainInterface.storyboard;
			sourceTree = "<group>";
		};
/* End PBXVariantGroup section */

/* Begin XCBuildConfiguration section */
		10F20C951DBFF13400E05345 /* Debug */ = {
			isa = XCBuildConfiguration;
			buildSettings = {
				ALWAYS_SEARCH_USER_PATHS = NO;
				CLANG_ANALYZER_NONNULL = YES;
				CLANG_CXX_LANGUAGE_STANDARD = "gnu++0x";
				CLANG_CXX_LIBRARY = "libc++";
				CLANG_ENABLE_MODULES = YES;
				CLANG_ENABLE_OBJC_ARC = YES;
				CLANG_WARN_BOOL_CONVERSION = YES;
				CLANG_WARN_CONSTANT_CONVERSION = YES;
				CLANG_WARN_DIRECT_OBJC_ISA_USAGE = YES_ERROR;
				CLANG_WARN_DOCUMENTATION_COMMENTS = YES;
				CLANG_WARN_EMPTY_BODY = YES;
				CLANG_WARN_ENUM_CONVERSION = YES;
				CLANG_WARN_INFINITE_RECURSION = YES;
				CLANG_WARN_INT_CONVERSION = YES;
				CLANG_WARN_OBJC_ROOT_CLASS = YES_ERROR;
				CLANG_WARN_SUSPICIOUS_MOVES = YES;
				CLANG_WARN_UNREACHABLE_CODE = YES;
				CLANG_WARN__DUPLICATE_METHOD_MATCH = YES;
				"CODE_SIGN_IDENTITY[sdk=iphoneos*]" = "iPhone Developer";
				COPY_PHASE_STRIP = NO;
				DEBUG_INFORMATION_FORMAT = dwarf;
				ENABLE_STRICT_OBJC_MSGSEND = YES;
				ENABLE_TESTABILITY = YES;
				GCC_C_LANGUAGE_STANDARD = gnu99;
				GCC_DYNAMIC_NO_PIC = NO;
				GCC_NO_COMMON_BLOCKS = YES;
				GCC_OPTIMIZATION_LEVEL = 0;
				GCC_PREPROCESSOR_DEFINITIONS = (
					"DEBUG=1",
					"$(inherited)",
				);
				GCC_WARN_64_TO_32_BIT_CONVERSION = YES;
				GCC_WARN_ABOUT_RETURN_TYPE = YES_ERROR;
				GCC_WARN_UNDECLARED_SELECTOR = YES;
				GCC_WARN_UNINITIALIZED_AUTOS = YES_AGGRESSIVE;
				GCC_WARN_UNUSED_FUNCTION = YES;
				GCC_WARN_UNUSED_VARIABLE = YES;
				IPHONEOS_DEPLOYMENT_TARGET = 10.0;
				MTL_ENABLE_DEBUG_INFO = YES;
				ONLY_ACTIVE_ARCH = YES;
				SDKROOT = iphoneos;
				SWIFT_ACTIVE_COMPILATION_CONDITIONS = DEBUG;
				SWIFT_OPTIMIZATION_LEVEL = "-Onone";
			};
			name = Debug;
		};
		10F20C961DBFF13400E05345 /* Release */ = {
			isa = XCBuildConfiguration;
			buildSettings = {
				ALWAYS_SEARCH_USER_PATHS = NO;
				CLANG_ANALYZER_NONNULL = YES;
				CLANG_CXX_LANGUAGE_STANDARD = "gnu++0x";
				CLANG_CXX_LIBRARY = "libc++";
				CLANG_ENABLE_MODULES = YES;
				CLANG_ENABLE_OBJC_ARC = YES;
				CLANG_WARN_BOOL_CONVERSION = YES;
				CLANG_WARN_CONSTANT_CONVERSION = YES;
				CLANG_WARN_DIRECT_OBJC_ISA_USAGE = YES_ERROR;
				CLANG_WARN_DOCUMENTATION_COMMENTS = YES;
				CLANG_WARN_EMPTY_BODY = YES;
				CLANG_WARN_ENUM_CONVERSION = YES;
				CLANG_WARN_INFINITE_RECURSION = YES;
				CLANG_WARN_INT_CONVERSION = YES;
				CLANG_WARN_OBJC_ROOT_CLASS = YES_ERROR;
				CLANG_WARN_SUSPICIOUS_MOVES = YES;
				CLANG_WARN_UNREACHABLE_CODE = YES;
				CLANG_WARN__DUPLICATE_METHOD_MATCH = YES;
				"CODE_SIGN_IDENTITY[sdk=iphoneos*]" = "iPhone Developer";
				COPY_PHASE_STRIP = NO;
				DEBUG_INFORMATION_FORMAT = "dwarf-with-dsym";
				ENABLE_NS_ASSERTIONS = NO;
				ENABLE_STRICT_OBJC_MSGSEND = YES;
				GCC_C_LANGUAGE_STANDARD = gnu99;
				GCC_NO_COMMON_BLOCKS = YES;
				GCC_WARN_64_TO_32_BIT_CONVERSION = YES;
				GCC_WARN_ABOUT_RETURN_TYPE = YES_ERROR;
				GCC_WARN_UNDECLARED_SELECTOR = YES;
				GCC_WARN_UNINITIALIZED_AUTOS = YES_AGGRESSIVE;
				GCC_WARN_UNUSED_FUNCTION = YES;
				GCC_WARN_UNUSED_VARIABLE = YES;
				IPHONEOS_DEPLOYMENT_TARGET = 10.0;
				MTL_ENABLE_DEBUG_INFO = NO;
				SDKROOT = iphoneos;
				SWIFT_OPTIMIZATION_LEVEL = "-Owholemodule";
				VALIDATE_PRODUCT = YES;
			};
			name = Release;
		};
		10F20C981DBFF13400E05345 /* Debug */ = {
			isa = XCBuildConfiguration;
			buildSettings = {
				ASSETCATALOG_COMPILER_APPICON_NAME = "iMessage App Icon";
				DEVELOPMENT_TEAM = TFEDY5M56J;
				INFOPLIST_FILE = MessagesExtension/Info.plist;
				LD_RUNPATH_SEARCH_PATHS = "$(inherited) @executable_path/Frameworks @executable_path/../../Frameworks";
				PRODUCT_BUNDLE_IDENTIFIER = com.drewlanning.MatchUp.MessagesExtension;
				PRODUCT_NAME = "$(TARGET_NAME)";
				SKIP_INSTALL = YES;
				SWIFT_VERSION = 3.0;
			};
			name = Debug;
		};
		10F20C991DBFF13400E05345 /* Release */ = {
			isa = XCBuildConfiguration;
			buildSettings = {
				ASSETCATALOG_COMPILER_APPICON_NAME = "iMessage App Icon";
				DEVELOPMENT_TEAM = TFEDY5M56J;
				INFOPLIST_FILE = MessagesExtension/Info.plist;
				LD_RUNPATH_SEARCH_PATHS = "$(inherited) @executable_path/Frameworks @executable_path/../../Frameworks";
				PRODUCT_BUNDLE_IDENTIFIER = com.drewlanning.MatchUp.MessagesExtension;
				PRODUCT_NAME = "$(TARGET_NAME)";
				SKIP_INSTALL = YES;
				SWIFT_VERSION = 3.0;
			};
			name = Release;
		};
		10F20C9C1DBFF13400E05345 /* Debug */ = {
			isa = XCBuildConfiguration;
			buildSettings = {
				ALWAYS_EMBED_SWIFT_STANDARD_LIBRARIES = YES;
				ASSETCATALOG_COMPILER_APPICON_NAME = AppIcon;
				DEVELOPMENT_TEAM = TFEDY5M56J;
				INFOPLIST_FILE = MatchUp/Info.plist;
				PRODUCT_BUNDLE_IDENTIFIER = com.drewlanning.MatchUp;
				PRODUCT_NAME = "$(TARGET_NAME)";
				SWIFT_VERSION = 3.0;
				TARGETED_DEVICE_FAMILY = "1,2";
			};
			name = Debug;
		};
		10F20C9D1DBFF13400E05345 /* Release */ = {
			isa = XCBuildConfiguration;
			buildSettings = {
				ALWAYS_EMBED_SWIFT_STANDARD_LIBRARIES = YES;
				ASSETCATALOG_COMPILER_APPICON_NAME = AppIcon;
				DEVELOPMENT_TEAM = TFEDY5M56J;
				INFOPLIST_FILE = MatchUp/Info.plist;
				PRODUCT_BUNDLE_IDENTIFIER = com.drewlanning.MatchUp;
				PRODUCT_NAME = "$(TARGET_NAME)";
				SWIFT_VERSION = 3.0;
				TARGETED_DEVICE_FAMILY = "1,2";
			};
			name = Release;
		};
/* End XCBuildConfiguration section */

/* Begin XCConfigurationList section */
		10F20C781DBFF13300E05345 /* Build configuration list for PBXProject "MatchUp" */ = {
			isa = XCConfigurationList;
			buildConfigurations = (
				10F20C951DBFF13400E05345 /* Debug */,
				10F20C961DBFF13400E05345 /* Release */,
			);
			defaultConfigurationIsVisible = 0;
			defaultConfigurationName = Release;
		};
		10F20C971DBFF13400E05345 /* Build configuration list for PBXNativeTarget "MessagesExtension" */ = {
			isa = XCConfigurationList;
			buildConfigurations = (
				10F20C981DBFF13400E05345 /* Debug */,
				10F20C991DBFF13400E05345 /* Release */,
			);
			defaultConfigurationIsVisible = 0;
			defaultConfigurationName = Release;
		};
		10F20C9B1DBFF13400E05345 /* Build configuration list for PBXNativeTarget "MatchUp" */ = {
			isa = XCConfigurationList;
			buildConfigurations = (
				10F20C9C1DBFF13400E05345 /* Debug */,
				10F20C9D1DBFF13400E05345 /* Release */,
			);
			defaultConfigurationIsVisible = 0;
			defaultConfigurationName = Release;
		};
/* End XCConfigurationList section */
	};
	rootObject = 10F20C751DBFF13300E05345 /* Project object */;
}
